// !$*UTF8*$!
{
	archiveVersion = 1;
	classes = {
	};
	objectVersion = 46;
	objects = {

/* Begin PBXBuildFile section */
		B8BC40291ED2E016006B3CF7 /* AppDelegate.m in Sources */ = {isa = PBXBuildFile; fileRef = B8BC40281ED2E016006B3CF7 /* AppDelegate.m */; };
		B8BC402C1ED2E016006B3CF7 /* main.m in Sources */ = {isa = PBXBuildFile; fileRef = B8BC402B1ED2E016006B3CF7 /* main.m */; };
		B8BC402E1ED2E016006B3CF7 /* Assets.xcassets in Resources */ = {isa = PBXBuildFile; fileRef = B8BC402D1ED2E016006B3CF7 /* Assets.xcassets */; };
		B8BC40311ED2E016006B3CF7 /* MainMenu.xib in Resources */ = {isa = PBXBuildFile; fileRef = B8BC402F1ED2E016006B3CF7 /* MainMenu.xib */; };
		B8BC403B1ED2E098006B3CF7 /* URLSniffer.m in Sources */ = {isa = PBXBuildFile; fileRef = B8BC403A1ED2E098006B3CF7 /* URLSniffer.m */; };
		B8BC403F1ED2E1DC006B3CF7 /* NSString+JKHash.m in Sources */ = {isa = PBXBuildFile; fileRef = B8BC403E1ED2E1DC006B3CF7 /* NSString+JKHash.m */; };
/* End PBXBuildFile section */

/* Begin PBXFileReference section */
		B8BC40241ED2E016006B3CF7 /* LiveRecorder.app */ = {isa = PBXFileReference; explicitFileType = wrapper.application; includeInIndex = 0; path = LiveRecorder.app; sourceTree = BUILT_PRODUCTS_DIR; };
		B8BC40271ED2E016006B3CF7 /* AppDelegate.h */ = {isa = PBXFileReference; lastKnownFileType = sourcecode.c.h; path = AppDelegate.h; sourceTree = "<group>"; };
		B8BC40281ED2E016006B3CF7 /* AppDelegate.m */ = {isa = PBXFileReference; lastKnownFileType = sourcecode.c.objc; path = AppDelegate.m; sourceTree = "<group>"; };
		B8BC402B1ED2E016006B3CF7 /* main.m */ = {isa = PBXFileReference; lastKnownFileType = sourcecode.c.objc; path = main.m; sourceTree = "<group>"; };
		B8BC402D1ED2E016006B3CF7 /* Assets.xcassets */ = {isa = PBXFileReference; lastKnownFileType = folder.assetcatalog; path = Assets.xcassets; sourceTree = "<group>"; };
		B8BC40301ED2E016006B3CF7 /* Base */ = {isa = PBXFileReference; lastKnownFileType = file.xib; name = Base; path = Base.lproj/MainMenu.xib; sourceTree = "<group>"; };
		B8BC40321ED2E016006B3CF7 /* Info.plist */ = {isa = PBXFileReference; lastKnownFileType = text.plist.xml; path = Info.plist; sourceTree = "<group>"; };
		B8BC40391ED2E098006B3CF7 /* URLSniffer.h */ = {isa = PBXFileReference; fileEncoding = 4; lastKnownFileType = sourcecode.c.h; path = URLSniffer.h; sourceTree = "<group>"; };
		B8BC403A1ED2E098006B3CF7 /* URLSniffer.m */ = {isa = PBXFileReference; fileEncoding = 4; lastKnownFileType = sourcecode.c.objc; path = URLSniffer.m; sourceTree = "<group>"; };
		B8BC403D1ED2E1DC006B3CF7 /* NSString+JKHash.h */ = {isa = PBXFileReference; fileEncoding = 4; lastKnownFileType = sourcecode.c.h; path = "NSString+JKHash.h"; sourceTree = "<group>"; };
		B8BC403E1ED2E1DC006B3CF7 /* NSString+JKHash.m */ = {isa = PBXFileReference; fileEncoding = 4; lastKnownFileType = sourcecode.c.objc; path = "NSString+JKHash.m"; sourceTree = "<group>"; };
/* End PBXFileReference section */

/* Begin PBXFrameworksBuildPhase section */
		B8BC40211ED2E016006B3CF7 /* Frameworks */ = {
			isa = PBXFrameworksBuildPhase;
			buildActionMask = 2147483647;
			files = (
			);
			runOnlyForDeploymentPostprocessing = 0;
		};
/* End PBXFrameworksBuildPhase section */

/* Begin PBXGroup section */
		B8BC401B1ED2E016006B3CF7 = {
			isa = PBXGroup;
			children = (
				B8BC40261ED2E016006B3CF7 /* LiveRecorder */,
				B8BC40251ED2E016006B3CF7 /* Products */,
			);
			sourceTree = "<group>";
		};
		B8BC40251ED2E016006B3CF7 /* Products */ = {
			isa = PBXGroup;
			children = (
				B8BC40241ED2E016006B3CF7 /* LiveRecorder.app */,
			);
			name = Products;
			sourceTree = "<group>";
		};
		B8BC40261ED2E016006B3CF7 /* LiveRecorder */ = {
			isa = PBXGroup;
			children = (
				B8BC403C1ED2E0DE006B3CF7 /* Category */,
				B8BC40381ED2E047006B3CF7 /* Manager */,
				B8BC40271ED2E016006B3CF7 /* AppDelegate.h */,
				B8BC40281ED2E016006B3CF7 /* AppDelegate.m */,
				B8BC402D1ED2E016006B3CF7 /* Assets.xcassets */,
				B8BC402F1ED2E016006B3CF7 /* MainMenu.xib */,
				B8BC40321ED2E016006B3CF7 /* Info.plist */,
				B8BC402A1ED2E016006B3CF7 /* Supporting Files */,
			);
			path = LiveRecorder;
			sourceTree = "<group>";
		};
		B8BC402A1ED2E016006B3CF7 /* Supporting Files */ = {
			isa = PBXGroup;
			children = (
				B8BC402B1ED2E016006B3CF7 /* main.m */,
			);
			name = "Supporting Files";
			sourceTree = "<group>";
		};
		B8BC40381ED2E047006B3CF7 /* Manager */ = {
			isa = PBXGroup;
			children = (
				B8BC40391ED2E098006B3CF7 /* URLSniffer.h */,
				B8BC403A1ED2E098006B3CF7 /* URLSniffer.m */,
			);
			path = Manager;
			sourceTree = "<group>";
		};
		B8BC403C1ED2E0DE006B3CF7 /* Category */ = {
			isa = PBXGroup;
			children = (
				B8BC403D1ED2E1DC006B3CF7 /* NSString+JKHash.h */,
				B8BC403E1ED2E1DC006B3CF7 /* NSString+JKHash.m */,
			);
			path = Category;
			sourceTree = "<group>";
		};
/* End PBXGroup section */

/* Begin PBXNativeTarget section */
		B8BC40231ED2E016006B3CF7 /* LiveRecorder */ = {
			isa = PBXNativeTarget;
			buildConfigurationList = B8BC40351ED2E016006B3CF7 /* Build configuration list for PBXNativeTarget "LiveRecorder" */;
			buildPhases = (
				B8BC40201ED2E016006B3CF7 /* Sources */,
				B8BC40211ED2E016006B3CF7 /* Frameworks */,
				B8BC40221ED2E016006B3CF7 /* Resources */,
			);
			buildRules = (
			);
			dependencies = (
			);
			name = LiveRecorder;
			productName = LiveRecorder;
			productReference = B8BC40241ED2E016006B3CF7 /* LiveRecorder.app */;
			productType = "com.apple.product-type.application";
		};
/* End PBXNativeTarget section */

/* Begin PBXProject section */
		B8BC401C1ED2E016006B3CF7 /* Project object */ = {
			isa = PBXProject;
			attributes = {
				LastUpgradeCheck = 0820;
				ORGANIZATIONNAME = Jakey;
				TargetAttributes = {
					B8BC40231ED2E016006B3CF7 = {
						CreatedOnToolsVersion = 8.2.1;
						ProvisioningStyle = Automatic;
					};
				};
			};
			buildConfigurationList = B8BC401F1ED2E016006B3CF7 /* Build configuration list for PBXProject "LiveRecorder" */;
			compatibilityVersion = "Xcode 3.2";
			developmentRegion = English;
			hasScannedForEncodings = 0;
			knownRegions = (
				en,
				Base,
			);
			mainGroup = B8BC401B1ED2E016006B3CF7;
			productRefGroup = B8BC40251ED2E016006B3CF7 /* Products */;
			projectDirPath = "";
			projectRoot = "";
			targets = (
				B8BC40231ED2E016006B3CF7 /* LiveRecorder */,
			);
		};
/* End PBXProject section */

/* Begin PBXResourcesBuildPhase section */
		B8BC40221ED2E016006B3CF7 /* Resources */ = {
			isa = PBXResourcesBuildPhase;
			buildActionMask = 2147483647;
			files = (
				B8BC402E1ED2E016006B3CF7 /* Assets.xcassets in Resources */,
				B8BC40311ED2E016006B3CF7 /* MainMenu.xib in Resources */,
			);
			runOnlyForDeploymentPostprocessing = 0;
		};
/* End PBXResourcesBuildPhase section */

/* Begin PBXSourcesBuildPhase section */
		B8BC40201ED2E016006B3CF7 /* Sources */ = {
			isa = PBXSourcesBuildPhase;
			buildActionMask = 2147483647;
			files = (
				B8BC403F1ED2E1DC006B3CF7 /* NSString+JKHash.m in Sources */,
				B8BC402C1ED2E016006B3CF7 /* main.m in Sources */,
				B8BC40291ED2E016006B3CF7 /* AppDelegate.m in Sources */,
				B8BC403B1ED2E098006B3CF7 /* URLSniffer.m in Sources */,
			);
			runOnlyForDeploymentPostprocessing = 0;
		};
/* End PBXSourcesBuildPhase section */

/* Begin PBXVariantGroup section */
		B8BC402F1ED2E016006B3CF7 /* MainMenu.xib */ = {
			isa = PBXVariantGroup;
			children = (
				B8BC40301ED2E016006B3CF7 /* Base */,
			);
			name = MainMenu.xib;
			sourceTree = "<group>";
		};
/* End PBXVariantGroup section */

/* Begin XCBuildConfiguration section */
		B8BC40331ED2E016006B3CF7 /* Debug */ = {
			isa = XCBuildConfiguration;
			buildSettings = {
				ALWAYS_SEARCH_USER_PATHS = NO;
				CLANG_ANALYZER_NONNULL = YES;
				CLANG_CXX_LANGUAGE_STANDARD = "gnu++0x";
				CLANG_CXX_LIBRARY = "libc++";
				CLANG_ENABLE_MODULES = YES;
				CLANG_ENABLE_OBJC_ARC = YES;
				CLANG_WARN_BOOL_CONVERSION = YES;
				CLANG_WARN_CONSTANT_CONVERSION = YES;
				CLANG_WARN_DIRECT_OBJC_ISA_USAGE = YES_ERROR;
				CLANG_WARN_DOCUMENTATION_COMMENTS = YES;
				CLANG_WARN_EMPTY_BODY = YES;
				CLANG_WARN_ENUM_CONVERSION = YES;
				CLANG_WARN_INFINITE_RECURSION = YES;
				CLANG_WARN_INT_CONVERSION = YES;
				CLANG_WARN_OBJC_ROOT_CLASS = YES_ERROR;
				CLANG_WARN_SUSPICIOUS_MOVE = YES;
				CLANG_WARN_UNREACHABLE_CODE = YES;
				CLANG_WARN__DUPLICATE_METHOD_MATCH = YES;
				CODE_SIGN_IDENTITY = "-";
				COPY_PHASE_STRIP = NO;
				DEBUG_INFORMATION_FORMAT = dwarf;
				ENABLE_STRICT_OBJC_MSGSEND = YES;
				ENABLE_TESTABILITY = YES;
				GCC_C_LANGUAGE_STANDARD = gnu99;
				GCC_DYNAMIC_NO_PIC = NO;
				GCC_NO_COMMON_BLOCKS = YES;
				GCC_OPTIMIZATION_LEVEL = 0;
				GCC_PREPROCESSOR_DEFINITIONS = (
					"DEBUG=1",
					"$(inherited)",
				);
				GCC_WARN_64_TO_32_BIT_CONVERSION = YES;
				GCC_WARN_ABOUT_RETURN_TYPE = YES_ERROR;
				GCC_WARN_UNDECLARED_SELECTOR = YES;
				GCC_WARN_UNINITIALIZED_AUTOS = YES_AGGRESSIVE;
				GCC_WARN_UNUSED_FUNCTION = YES;
				GCC_WARN_UNUSED_VARIABLE = YES;
				MACOSX_DEPLOYMENT_TARGET = 10.12;
				MTL_ENABLE_DEBUG_INFO = YES;
				ONLY_ACTIVE_ARCH = YES;
				SDKROOT = macosx;
			};
			name = Debug;
		};
		B8BC40341ED2E016006B3CF7 /* Release */ = {
			isa = XCBuildConfiguration;
			buildSettings = {
				ALWAYS_SEARCH_USER_PATHS = NO;
				CLANG_ANALYZER_NONNULL = YES;
				CLANG_CXX_LANGUAGE_STANDARD = "gnu++0x";
				CLANG_CXX_LIBRARY = "libc++";
				CLANG_ENABLE_MODULES = YES;
				CLANG_ENABLE_OBJC_ARC = YES;
				CLANG_WARN_BOOL_CONVERSION = YES;
				CLANG_WARN_CONSTANT_CONVERSION = YES;
				CLANG_WARN_DIRECT_OBJC_ISA_USAGE = YES_ERROR;
				CLANG_WARN_DOCUMENTATION_COMMENTS = YES;
				CLANG_WARN_EMPTY_BODY = YES;
				CLANG_WARN_ENUM_CONVERSION = YES;
				CLANG_WARN_INFINITE_RECURSION = YES;
				CLANG_WARN_INT_CONVERSION = YES;
				CLANG_WARN_OBJC_ROOT_CLASS = YES_ERROR;
				CLANG_WARN_SUSPICIOUS_MOVE = YES;
				CLANG_WARN_UNREACHABLE_CODE = YES;
				CLANG_WARN__DUPLICATE_METHOD_MATCH = YES;
				CODE_SIGN_IDENTITY = "-";
				COPY_PHASE_STRIP = NO;
				DEBUG_INFORMATION_FORMAT = "dwarf-with-dsym";
				ENABLE_NS_ASSERTIONS = NO;
				ENABLE_STRICT_OBJC_MSGSEND = YES;
				GCC_C_LANGUAGE_STANDARD = gnu99;
				GCC_NO_COMMON_BLOCKS = YES;
				GCC_WARN_64_TO_32_BIT_CONVERSION = YES;
				GCC_WARN_ABOUT_RETURN_TYPE = YES_ERROR;
				GCC_WARN_UNDECLARED_SELECTOR = YES;
				GCC_WARN_UNINITIALIZED_AUTOS = YES_AGGRESSIVE;
				GCC_WARN_UNUSED_FUNCTION = YES;
				GCC_WARN_UNUSED_VARIABLE = YES;
				MACOSX_DEPLOYMENT_TARGET = 10.12;
				MTL_ENABLE_DEBUG_INFO = NO;
				SDKROOT = macosx;
			};
			name = Release;
		};
		B8BC40361ED2E016006B3CF7 /* Debug */ = {
			isa = XCBuildConfiguration;
			buildSettings = {
				ASSETCATALOG_COMPILER_APPICON_NAME = AppIcon;
				COMBINE_HIDPI_IMAGES = YES;
				INFOPLIST_FILE = LiveRecorder/Info.plist;
				LD_RUNPATH_SEARCH_PATHS = "$(inherited) @executable_path/../Frameworks";
				PRODUCT_BUNDLE_IDENTIFIER = org.skyfox.LiveRecorder;
				PRODUCT_NAME = "$(TARGET_NAME)";
			};
			name = Debug;
		};
		B8BC40371ED2E016006B3CF7 /* Release */ = {
			isa = XCBuildConfiguration;
			buildSettings = {
				ASSETCATALOG_COMPILER_APPICON_NAME = AppIcon;
				COMBINE_HIDPI_IMAGES = YES;
				INFOPLIST_FILE = LiveRecorder/Info.plist;
				LD_RUNPATH_SEARCH_PATHS = "$(inherited) @executable_path/../Frameworks";
				PRODUCT_BUNDLE_IDENTIFIER = org.skyfox.LiveRecorder;
				PRODUCT_NAME = "$(TARGET_NAME)";
			};
			name = Release;
		};
/* End XCBuildConfiguration section */

/* Begin XCConfigurationList section */
		B8BC401F1ED2E016006B3CF7 /* Build configuration list for PBXProject "LiveRecorder" */ = {
			isa = XCConfigurationList;
			buildConfigurations = (
				B8BC40331ED2E016006B3CF7 /* Debug */,
				B8BC40341ED2E016006B3CF7 /* Release */,
			);
			defaultConfigurationIsVisible = 0;
			defaultConfigurationName = Release;
		};
		B8BC40351ED2E016006B3CF7 /* Build configuration list for PBXNativeTarget "LiveRecorder" */ = {
			isa = XCConfigurationList;
			buildConfigurations = (
				B8BC40361ED2E016006B3CF7 /* Debug */,
				B8BC40371ED2E016006B3CF7 /* Release */,
			);
			defaultConfigurationIsVisible = 0;
			defaultConfigurationName = Release;
		};
/* End XCConfigurationList section */
	};
	rootObject = B8BC401C1ED2E016006B3CF7 /* Project object */;
}
